
Microsoft Visual Studio Solution File, Format Version 12.00
# Visual Studio Version 17
VisualStudioVersion = 17.6.33815.320
MinimumVisualStudioVersion = 10.0.40219.1
Project("{FAE04EC0-301F-11D3-BF4B-00C04F79EFBC}") = "NETCoreAPIWithTestableMiddleware", "NETCoreAPIWithTestableMiddleware.csproj", "{2527E9C7-D2D7-44FC-940B-2DB9600ED4CC}"
EndProject
Project("{FAE04EC0-301F-11D3-BF4B-00C04F79EFBC}") = "NETCoreAPIWithTestableMiddlewarexUnit", "..\NETCoreAPIWithTestableMiddlewarexUnit\NETCoreAPIWithTestableMiddlewarexUnit.csproj", "{86BD32C9-46AF-4E2B-815C-82A5DDF94BAE}"
EndProject
Global
	GlobalSection(SolutionConfigurationPlatforms) = preSolution
		Debug|Any CPU = Debug|Any CPU
		Release|Any CPU = Release|Any CPU
	EndGlobalSection
	GlobalSection(ProjectConfigurationPlatforms) = postSolution
		{2527E9C7-D2D7-44FC-940B-2DB9600ED4CC}.Debug|Any CPU.ActiveCfg = Debug|Any CPU
		{2527E9C7-D2D7-44FC-940B-2DB9600ED4CC}.Debug|Any CPU.Build.0 = Debug|Any CPU
		{2527E9C7-D2D7-44FC-940B-2DB9600ED4CC}.Release|Any CPU.ActiveCfg = Release|Any CPU
		{2527E9C7-D2D7-44FC-940B-2DB9600ED4CC}.Release|Any CPU.Build.0 = Release|Any CPU
		{86BD32C9-46AF-4E2B-815C-82A5DDF94BAE}.Debug|Any CPU.ActiveCfg = Debug|Any CPU
		{86BD32C9-46AF-4E2B-815C-82A5DDF94BAE}.Debug|Any CPU.Build.0 = Debug|Any CPU
		{86BD32C9-46AF-4E2B-815C-82A5DDF94BAE}.Release|Any CPU.ActiveCfg = Release|Any CPU
		{86BD32C9-46AF-4E2B-815C-82A5DDF94BAE}.Release|Any CPU.Build.0 = Release|Any CPU
	EndGlobalSection
	GlobalSection(SolutionProperties) = preSolution
		HideSolutionNode = FALSE
	EndGlobalSection
	GlobalSection(ExtensibilityGlobals) = postSolution
		SolutionGuid = {586FA096-0421-4832-9FFD-BA3DDE4D6C9E}
	EndGlobalSection
EndGlobal
